
Microsoft Visual Studio Solution File, Format Version 12.00
# Visual Studio Version 17
VisualStudioVersion = 17.14.36414.22 d17.14
MinimumVisualStudioVersion = 10.0.40219.1
Project("{FAE04EC0-301F-11D3-BF4B-00C04F79EFBC}") = "Project1_MyWebsite", "Project1_MyWebsite\Project1_MyWebsite.csproj", "{DD2FA75D-E91D-4B23-94B7-DA06A539DFE5}"
EndProject
Global
	GlobalSection(SolutionConfigurationPlatforms) = preSolution
		Debug|Any CPU = Debug|Any CPU
		Release|Any CPU = Release|Any CPU
	EndGlobalSection
	GlobalSection(ProjectConfigurationPlatforms) = postSolution
		{DD2FA75D-E91D-4B23-94B7-DA06A539DFE5}.Debug|Any CPU.ActiveCfg = Debug|Any CPU
		{DD2FA75D-E91D-4B23-94B7-DA06A539DFE5}.Debug|Any CPU.Build.0 = Debug|Any CPU
		{DD2FA75D-E91D-4B23-94B7-DA06A539DFE5}.Release|Any CPU.ActiveCfg = Release|Any CPU
		{DD2FA75D-E91D-4B23-94B7-DA06A539DFE5}.Release|Any CPU.Build.0 = Release|Any CPU
	EndGlobalSection
	GlobalSection(SolutionProperties) = preSolution
		HideSolutionNode = FALSE
	EndGlobalSection
	GlobalSection(ExtensibilityGlobals) = postSolution
		SolutionGuid = {89BD82AC-733F-409C-A094-6F8CF96012A3}
	EndGlobalSection
EndGlobal
